<Solution>
  <Folder Name="/src/" />
  <Folder Name="/src/services/" />
  <Folder Name="/src/services/EntriesService/">
    <Project Path="src/services/EntriesService/AppCore/AppCore.csproj" />
    <Project Path="src/services/EntriesService/Infra/Infra.csproj" />
    <Project Path="src/services/EntriesService/WebApi/Api.csproj" />
  </Folder>
  <Folder Name="/src/sharedLibs/">
    <Project Path="src/sharedLibs/Mediator/Mediator.csproj" />
  </Folder>
  <Folder Name="/tests/" />
  <Folder Name="/tests/services/" />
  <Folder Name="/tests/services/EntriesService/" />
  <Folder Name="/tests/services/EntriesService/IntegrationTests/">
    <Project Path="tests/services/EntriesService/IntegrationTests/EntriesService.IntegrationTests.csproj" />
  </Folder>
  <Folder Name="/tests/sharedLibs/" />
  <Folder Name="/tests/sharedLibs/Mediator/" />
  <Folder Name="/tests/sharedLibs/Mediator/UnitTests/">
    <Project Path="tests/sharedLibs/Mediator/UnitTests/Mediator.UnitTests.csproj" />
  </Folder>
</Solution>
